// !$*UTF8*$!
{
	archiveVersion = 1;
	classes = {
	};
	objectVersion = 46;
	objects = {

/* Begin PBXBuildFile section */
		E025E7561CDA286900CF37ED /* Click.wav in Resources */ = {isa = PBXBuildFile; fileRef = E025E7551CDA286900CF37ED /* Click.wav */; };
		E025E7581CDA2E9500CF37ED /* Correct_KidLaugh.mp3 in Resources */ = {isa = PBXBuildFile; fileRef = E025E7571CDA2E9500CF37ED /* Correct_KidLaugh.mp3 */; };
		E025E75E1CDA331E00CF37ED /* Wrong_thunder_secs.m4a in Resources */ = {isa = PBXBuildFile; fileRef = E025E75D1CDA331E00CF37ED /* Wrong_thunder_secs.m4a */; };
		E025E7601CDA33A400CF37ED /* Person_cheering.mp3 in Resources */ = {isa = PBXBuildFile; fileRef = E025E75F1CDA33A400CF37ED /* Person_cheering.mp3 */; };
		E025E7641CDA372700CF37ED /* Alert_2secs.m4a in Resources */ = {isa = PBXBuildFile; fileRef = E025E7631CDA372700CF37ED /* Alert_2secs.m4a */; };
		E025E7681CDA3D1D00CF37ED /* thought_sounds_1sec.m4a in Resources */ = {isa = PBXBuildFile; fileRef = E025E7671CDA3D1D00CF37ED /* thought_sounds_1sec.m4a */; };
		E02C25DA1CE1D033003FEFAB /* Q100cdCoreData.sqlite in Resources */ = {isa = PBXBuildFile; fileRef = E02C25D71CE1D033003FEFAB /* Q100cdCoreData.sqlite */; };
		E02C25DB1CE1D033003FEFAB /* Q100cdCoreData.sqlite-shm in Resources */ = {isa = PBXBuildFile; fileRef = E02C25D81CE1D033003FEFAB /* Q100cdCoreData.sqlite-shm */; };
		E02C25DC1CE1D033003FEFAB /* Q100cdCoreData.sqlite-wal in Resources */ = {isa = PBXBuildFile; fileRef = E02C25D91CE1D033003FEFAB /* Q100cdCoreData.sqlite-wal */; };
		E0CB7E851CD2507000F4F260 /* AppDelegate.swift in Sources */ = {isa = PBXBuildFile; fileRef = E0CB7E841CD2507000F4F260 /* AppDelegate.swift */; };
		E0CB7E871CD2507000F4F260 /* ViewController.swift in Sources */ = {isa = PBXBuildFile; fileRef = E0CB7E861CD2507000F4F260 /* ViewController.swift */; };
		E0CB7E8A1CD2507000F4F260 /* Main.storyboard in Resources */ = {isa = PBXBuildFile; fileRef = E0CB7E881CD2507000F4F260 /* Main.storyboard */; };
		E0CB7E8D1CD2507000F4F260 /* EoMQ.xcdatamodeld in Sources */ = {isa = PBXBuildFile; fileRef = E0CB7E8B1CD2507000F4F260 /* EoMQ.xcdatamodeld */; };
		E0CB7E8F1CD2507000F4F260 /* Assets.xcassets in Resources */ = {isa = PBXBuildFile; fileRef = E0CB7E8E1CD2507000F4F260 /* Assets.xcassets */; };
		E0CB7E921CD2507000F4F260 /* LaunchScreen.storyboard in Resources */ = {isa = PBXBuildFile; fileRef = E0CB7E901CD2507000F4F260 /* LaunchScreen.storyboard */; };
		E0CB7E9A1CD2548300F4F260 /* QuestionsViewController.swift in Sources */ = {isa = PBXBuildFile; fileRef = E0CB7E991CD2548300F4F260 /* QuestionsViewController.swift */; };
		E0CB7E9F1CD26B5B00F4F260 /* QuestionsDB+CoreDataProperties.swift in Sources */ = {isa = PBXBuildFile; fileRef = E0CB7E9B1CD26B5B00F4F260 /* QuestionsDB+CoreDataProperties.swift */; };
		E0CB7EA01CD26B5B00F4F260 /* QuestionsDB.swift in Sources */ = {isa = PBXBuildFile; fileRef = E0CB7E9C1CD26B5B00F4F260 /* QuestionsDB.swift */; };
		E0CB7EA11CD26B5B00F4F260 /* Results+CoreDataProperties.swift in Sources */ = {isa = PBXBuildFile; fileRef = E0CB7E9D1CD26B5B00F4F260 /* Results+CoreDataProperties.swift */; };
		E0CB7EA21CD26B5B00F4F260 /* Results.swift in Sources */ = {isa = PBXBuildFile; fileRef = E0CB7E9E1CD26B5B00F4F260 /* Results.swift */; };
		E0CB7EA41CD281C500F4F260 /* ResultsViewController.swift in Sources */ = {isa = PBXBuildFile; fileRef = E0CB7EA31CD281C500F4F260 /* ResultsViewController.swift */; };
		E0CB7EA61CD2961800F4F260 /* SettingsViewController.swift in Sources */ = {isa = PBXBuildFile; fileRef = E0CB7EA51CD2961800F4F260 /* SettingsViewController.swift */; };
		E0CB7EA81CD2A06B00F4F260 /* CustomCell.swift in Sources */ = {isa = PBXBuildFile; fileRef = E0CB7EA71CD2A06B00F4F260 /* CustomCell.swift */; };
/* End PBXBuildFile section */

/* Begin PBXFileReference section */
		E025E7551CDA286900CF37ED /* Click.wav */ = {isa = PBXFileReference; lastKnownFileType = audio.wav; path = Click.wav; sourceTree = "<group>"; };
		E025E7571CDA2E9500CF37ED /* Correct_KidLaugh.mp3 */ = {isa = PBXFileReference; lastKnownFileType = audio.mp3; path = Correct_KidLaugh.mp3; sourceTree = "<group>"; };
		E025E75D1CDA331E00CF37ED /* Wrong_thunder_secs.m4a */ = {isa = PBXFileReference; lastKnownFileType = file; path = Wrong_thunder_secs.m4a; sourceTree = "<group>"; };
		E025E75F1CDA33A400CF37ED /* Person_cheering.mp3 */ = {isa = PBXFileReference; lastKnownFileType = audio.mp3; path = Person_cheering.mp3; sourceTree = "<group>"; };
		E025E7631CDA372700CF37ED /* Alert_2secs.m4a */ = {isa = PBXFileReference; lastKnownFileType = file; path = Alert_2secs.m4a; sourceTree = "<group>"; };
		E025E7671CDA3D1D00CF37ED /* thought_sounds_1sec.m4a */ = {isa = PBXFileReference; lastKnownFileType = file; path = thought_sounds_1sec.m4a; sourceTree = "<group>"; };
		E02C25D71CE1D033003FEFAB /* Q100cdCoreData.sqlite */ = {isa = PBXFileReference; lastKnownFileType = file; path = Q100cdCoreData.sqlite; sourceTree = "<group>"; };
		E02C25D81CE1D033003FEFAB /* Q100cdCoreData.sqlite-shm */ = {isa = PBXFileReference; lastKnownFileType = file; path = "Q100cdCoreData.sqlite-shm"; sourceTree = "<group>"; };
		E02C25D91CE1D033003FEFAB /* Q100cdCoreData.sqlite-wal */ = {isa = PBXFileReference; lastKnownFileType = file; path = "Q100cdCoreData.sqlite-wal"; sourceTree = "<group>"; };
		E0CB7E811CD2507000F4F260 /* EoMQ.app */ = {isa = PBXFileReference; explicitFileType = wrapper.application; includeInIndex = 0; path = EoMQ.app; sourceTree = BUILT_PRODUCTS_DIR; };
		E0CB7E841CD2507000F4F260 /* AppDelegate.swift */ = {isa = PBXFileReference; lastKnownFileType = sourcecode.swift; path = AppDelegate.swift; sourceTree = "<group>"; };
		E0CB7E861CD2507000F4F260 /* ViewController.swift */ = {isa = PBXFileReference; lastKnownFileType = sourcecode.swift; path = ViewController.swift; sourceTree = "<group>"; };
		E0CB7E891CD2507000F4F260 /* Base */ = {isa = PBXFileReference; lastKnownFileType = file.storyboard; name = Base; path = Base.lproj/Main.storyboard; sourceTree = "<group>"; };
		E0CB7E8C1CD2507000F4F260 /* EoMQ.xcdatamodel */ = {isa = PBXFileReference; lastKnownFileType = wrapper.xcdatamodel; path = EoMQ.xcdatamodel; sourceTree = "<group>"; };
		E0CB7E8E1CD2507000F4F260 /* Assets.xcassets */ = {isa = PBXFileReference; lastKnownFileType = folder.assetcatalog; path = Assets.xcassets; sourceTree = "<group>"; };
		E0CB7E911CD2507000F4F260 /* Base */ = {isa = PBXFileReference; lastKnownFileType = file.storyboard; name = Base; path = Base.lproj/LaunchScreen.storyboard; sourceTree = "<group>"; };
		E0CB7E931CD2507000F4F260 /* Info.plist */ = {isa = PBXFileReference; lastKnownFileType = text.plist.xml; path = Info.plist; sourceTree = "<group>"; };
		E0CB7E991CD2548300F4F260 /* QuestionsViewController.swift */ = {isa = PBXFileReference; fileEncoding = 4; lastKnownFileType = sourcecode.swift; path = QuestionsViewController.swift; sourceTree = "<group>"; };
		E0CB7E9B1CD26B5B00F4F260 /* QuestionsDB+CoreDataProperties.swift */ = {isa = PBXFileReference; fileEncoding = 4; lastKnownFileType = sourcecode.swift; name = "QuestionsDB+CoreDataProperties.swift"; path = "../QuestionsDB+CoreDataProperties.swift"; sourceTree = "<group>"; };
		E0CB7E9C1CD26B5B00F4F260 /* QuestionsDB.swift */ = {isa = PBXFileReference; fileEncoding = 4; lastKnownFileType = sourcecode.swift; name = QuestionsDB.swift; path = ../QuestionsDB.swift; sourceTree = "<group>"; };
		E0CB7E9D1CD26B5B00F4F260 /* Results+CoreDataProperties.swift */ = {isa = PBXFileReference; fileEncoding = 4; lastKnownFileType = sourcecode.swift; name = "Results+CoreDataProperties.swift"; path = "../Results+CoreDataProperties.swift"; sourceTree = "<group>"; };
		E0CB7E9E1CD26B5B00F4F260 /* Results.swift */ = {isa = PBXFileReference; fileEncoding = 4; lastKnownFileType = sourcecode.swift; name = Results.swift; path = ../Results.swift; sourceTree = "<group>"; };
		E0CB7EA31CD281C500F4F260 /* ResultsViewController.swift */ = {isa = PBXFileReference; fileEncoding = 4; lastKnownFileType = sourcecode.swift; path = ResultsViewController.swift; sourceTree = "<group>"; };
		E0CB7EA51CD2961800F4F260 /* SettingsViewController.swift */ = {isa = PBXFileReference; fileEncoding = 4; lastKnownFileType = sourcecode.swift; path = SettingsViewController.swift; sourceTree = "<group>"; };
		E0CB7EA71CD2A06B00F4F260 /* CustomCell.swift */ = {isa = PBXFileReference; fileEncoding = 4; lastKnownFileType = sourcecode.swift; path = CustomCell.swift; sourceTree = "<group>"; };
/* End PBXFileReference section */

/* Begin PBXFrameworksBuildPhase section */
		E0CB7E7E1CD2507000F4F260 /* Frameworks */ = {
			isa = PBXFrameworksBuildPhase;
			buildActionMask = 2147483647;
			files = (
			);
			runOnlyForDeploymentPostprocessing = 0;
		};
/* End PBXFrameworksBuildPhase section */

/* Begin PBXGroup section */
		E0CB7E781CD2507000F4F260 = {
			isa = PBXGroup;
			children = (
				E0CB7E831CD2507000F4F260 /* EoMQ */,
				E0CB7E821CD2507000F4F260 /* Products */,
			);
			sourceTree = "<group>";
		};
		E0CB7E821CD2507000F4F260 /* Products */ = {
			isa = PBXGroup;
			children = (
				E0CB7E811CD2507000F4F260 /* EoMQ.app */,
			);
			name = Products;
			sourceTree = "<group>";
		};
		E0CB7E831CD2507000F4F260 /* EoMQ */ = {
			isa = PBXGroup;
			children = (
				E0CB7E841CD2507000F4F260 /* AppDelegate.swift */,
				E025E7551CDA286900CF37ED /* Click.wav */,
				E025E7631CDA372700CF37ED /* Alert_2secs.m4a */,
				E025E75F1CDA33A400CF37ED /* Person_cheering.mp3 */,
				E025E7571CDA2E9500CF37ED /* Correct_KidLaugh.mp3 */,
				E025E75D1CDA331E00CF37ED /* Wrong_thunder_secs.m4a */,
				E025E7671CDA3D1D00CF37ED /* thought_sounds_1sec.m4a */,
				E0CB7EA51CD2961800F4F260 /* SettingsViewController.swift */,
				E0CB7E861CD2507000F4F260 /* ViewController.swift */,
				E0CB7EA71CD2A06B00F4F260 /* CustomCell.swift */,
				E0CB7E991CD2548300F4F260 /* QuestionsViewController.swift */,
				E0CB7EA31CD281C500F4F260 /* ResultsViewController.swift */,
				E0CB7E881CD2507000F4F260 /* Main.storyboard */,
				E0CB7E8E1CD2507000F4F260 /* Assets.xcassets */,
				E0CB7E901CD2507000F4F260 /* LaunchScreen.storyboard */,
				E0CB7E931CD2507000F4F260 /* Info.plist */,
				E0CB7E8B1CD2507000F4F260 /* EoMQ.xcdatamodeld */,
				E02C25D71CE1D033003FEFAB /* Q100cdCoreData.sqlite */,
				E02C25D81CE1D033003FEFAB /* Q100cdCoreData.sqlite-shm */,
				E02C25D91CE1D033003FEFAB /* Q100cdCoreData.sqlite-wal */,
				E0CB7E9B1CD26B5B00F4F260 /* QuestionsDB+CoreDataProperties.swift */,
				E0CB7E9C1CD26B5B00F4F260 /* QuestionsDB.swift */,
				E0CB7E9D1CD26B5B00F4F260 /* Results+CoreDataProperties.swift */,
				E0CB7E9E1CD26B5B00F4F260 /* Results.swift */,
			);
			path = EoMQ;
			sourceTree = "<group>";
		};
/* End PBXGroup section */

/* Begin PBXNativeTarget section */
		E0CB7E801CD2507000F4F260 /* EoMQ */ = {
			isa = PBXNativeTarget;
			buildConfigurationList = E0CB7E961CD2507000F4F260 /* Build configuration list for PBXNativeTarget "EoMQ" */;
			buildPhases = (
				E0CB7E7D1CD2507000F4F260 /* Sources */,
				E0CB7E7E1CD2507000F4F260 /* Frameworks */,
				E0CB7E7F1CD2507000F4F260 /* Resources */,
			);
			buildRules = (
			);
			dependencies = (
			);
			name = EoMQ;
			productName = EoMQ;
			productReference = E0CB7E811CD2507000F4F260 /* EoMQ.app */;
			productType = "com.apple.product-type.application";
		};
/* End PBXNativeTarget section */

/* Begin PBXProject section */
		E0CB7E791CD2507000F4F260 /* Project object */ = {
			isa = PBXProject;
			attributes = {
				LastSwiftUpdateCheck = 0730;
				LastUpgradeCheck = 0730;
				ORGANIZATIONNAME = esenruma;
				TargetAttributes = {
					E0CB7E801CD2507000F4F260 = {
						CreatedOnToolsVersion = 7.3;
					};
				};
			};
			buildConfigurationList = E0CB7E7C1CD2507000F4F260 /* Build configuration list for PBXProject "EoMQ" */;
			compatibilityVersion = "Xcode 3.2";
			developmentRegion = English;
			hasScannedForEncodings = 0;
			knownRegions = (
				en,
				Base,
			);
			mainGroup = E0CB7E781CD2507000F4F260;
			productRefGroup = E0CB7E821CD2507000F4F260 /* Products */;
			projectDirPath = "";
			projectRoot = "";
			targets = (
				E0CB7E801CD2507000F4F260 /* EoMQ */,
			);
		};
/* End PBXProject section */

/* Begin PBXResourcesBuildPhase section */
		E0CB7E7F1CD2507000F4F260 /* Resources */ = {
			isa = PBXResourcesBuildPhase;
			buildActionMask = 2147483647;
			files = (
				E025E7681CDA3D1D00CF37ED /* thought_sounds_1sec.m4a in Resources */,
				E02C25DB1CE1D033003FEFAB /* Q100cdCoreData.sqlite-shm in Resources */,
				E025E7561CDA286900CF37ED /* Click.wav in Resources */,
				E0CB7E921CD2507000F4F260 /* LaunchScreen.storyboard in Resources */,
				E025E7641CDA372700CF37ED /* Alert_2secs.m4a in Resources */,
				E0CB7E8F1CD2507000F4F260 /* Assets.xcassets in Resources */,
				E02C25DC1CE1D033003FEFAB /* Q100cdCoreData.sqlite-wal in Resources */,
				E025E7581CDA2E9500CF37ED /* Correct_KidLaugh.mp3 in Resources */,
				E0CB7E8A1CD2507000F4F260 /* Main.storyboard in Resources */,
				E02C25DA1CE1D033003FEFAB /* Q100cdCoreData.sqlite in Resources */,
				E025E7601CDA33A400CF37ED /* Person_cheering.mp3 in Resources */,
				E025E75E1CDA331E00CF37ED /* Wrong_thunder_secs.m4a in Resources */,
			);
			runOnlyForDeploymentPostprocessing = 0;
		};
/* End PBXResourcesBuildPhase section */

/* Begin PBXSourcesBuildPhase section */
		E0CB7E7D1CD2507000F4F260 /* Sources */ = {
			isa = PBXSourcesBuildPhase;
			buildActionMask = 2147483647;
			files = (
				E0CB7E871CD2507000F4F260 /* ViewController.swift in Sources */,
				E0CB7E9F1CD26B5B00F4F260 /* QuestionsDB+CoreDataProperties.swift in Sources */,
				E0CB7EA81CD2A06B00F4F260 /* CustomCell.swift in Sources */,
				E0CB7EA21CD26B5B00F4F260 /* Results.swift in Sources */,
				E0CB7EA61CD2961800F4F260 /* SettingsViewController.swift in Sources */,
				E0CB7E851CD2507000F4F260 /* AppDelegate.swift in Sources */,
				E0CB7E9A1CD2548300F4F260 /* QuestionsViewController.swift in Sources */,
				E0CB7EA41CD281C500F4F260 /* ResultsViewController.swift in Sources */,
				E0CB7E8D1CD2507000F4F260 /* EoMQ.xcdatamodeld in Sources */,
				E0CB7EA01CD26B5B00F4F260 /* QuestionsDB.swift in Sources */,
				E0CB7EA11CD26B5B00F4F260 /* Results+CoreDataProperties.swift in Sources */,
			);
			runOnlyForDeploymentPostprocessing = 0;
		};
/* End PBXSourcesBuildPhase section */

/* Begin PBXVariantGroup section */
		E0CB7E881CD2507000F4F260 /* Main.storyboard */ = {
			isa = PBXVariantGroup;
			children = (
				E0CB7E891CD2507000F4F260 /* Base */,
			);
			name = Main.storyboard;
			sourceTree = "<group>";
		};
		E0CB7E901CD2507000F4F260 /* LaunchScreen.storyboard */ = {
			isa = PBXVariantGroup;
			children = (
				E0CB7E911CD2507000F4F260 /* Base */,
			);
			name = LaunchScreen.storyboard;
			sourceTree = "<group>";
		};
/* End PBXVariantGroup section */

/* Begin XCBuildConfiguration section */
		E0CB7E941CD2507000F4F260 /* Debug */ = {
			isa = XCBuildConfiguration;
			buildSettings = {
				ALWAYS_SEARCH_USER_PATHS = NO;
				CLANG_ANALYZER_NONNULL = YES;
				CLANG_CXX_LANGUAGE_STANDARD = "gnu++0x";
				CLANG_CXX_LIBRARY = "libc++";
				CLANG_ENABLE_MODULES = YES;
				CLANG_ENABLE_OBJC_ARC = YES;
				CLANG_WARN_BOOL_CONVERSION = YES;
				CLANG_WARN_CONSTANT_CONVERSION = YES;
				CLANG_WARN_DIRECT_OBJC_ISA_USAGE = YES_ERROR;
				CLANG_WARN_EMPTY_BODY = YES;
				CLANG_WARN_ENUM_CONVERSION = YES;
				CLANG_WARN_INT_CONVERSION = YES;
				CLANG_WARN_OBJC_ROOT_CLASS = YES_ERROR;
				CLANG_WARN_UNREACHABLE_CODE = YES;
				CLANG_WARN__DUPLICATE_METHOD_MATCH = YES;
				"CODE_SIGN_IDENTITY[sdk=iphoneos*]" = "iPhone Developer";
				COPY_PHASE_STRIP = NO;
				DEBUG_INFORMATION_FORMAT = dwarf;
				ENABLE_STRICT_OBJC_MSGSEND = YES;
				ENABLE_TESTABILITY = YES;
				GCC_C_LANGUAGE_STANDARD = gnu99;
				GCC_DYNAMIC_NO_PIC = NO;
				GCC_NO_COMMON_BLOCKS = YES;
				GCC_OPTIMIZATION_LEVEL = 0;
				GCC_PREPROCESSOR_DEFINITIONS = (
					"DEBUG=1",
					"$(inherited)",
				);
				GCC_WARN_64_TO_32_BIT_CONVERSION = YES;
				GCC_WARN_ABOUT_RETURN_TYPE = YES_ERROR;
				GCC_WARN_UNDECLARED_SELECTOR = YES;
				GCC_WARN_UNINITIALIZED_AUTOS = YES_AGGRESSIVE;
				GCC_WARN_UNUSED_FUNCTION = YES;
				GCC_WARN_UNUSED_VARIABLE = YES;
				IPHONEOS_DEPLOYMENT_TARGET = 9.3;
				MTL_ENABLE_DEBUG_INFO = YES;
				ONLY_ACTIVE_ARCH = YES;
				SDKROOT = iphoneos;
				SWIFT_OPTIMIZATION_LEVEL = "-Onone";
			};
			name = Debug;
		};
		E0CB7E951CD2507000F4F260 /* Release */ = {
			isa = XCBuildConfiguration;
			buildSettings = {
				ALWAYS_SEARCH_USER_PATHS = NO;
				CLANG_ANALYZER_NONNULL = YES;
				CLANG_CXX_LANGUAGE_STANDARD = "gnu++0x";
				CLANG_CXX_LIBRARY = "libc++";
				CLANG_ENABLE_MODULES = YES;
				CLANG_ENABLE_OBJC_ARC = YES;
				CLANG_WARN_BOOL_CONVERSION = YES;
				CLANG_WARN_CONSTANT_CONVERSION = YES;
				CLANG_WARN_DIRECT_OBJC_ISA_USAGE = YES_ERROR;
				CLANG_WARN_EMPTY_BODY = YES;
				CLANG_WARN_ENUM_CONVERSION = YES;
				CLANG_WARN_INT_CONVERSION = YES;
				CLANG_WARN_OBJC_ROOT_CLASS = YES_ERROR;
				CLANG_WARN_UNREACHABLE_CODE = YES;
				CLANG_WARN__DUPLICATE_METHOD_MATCH = YES;
				"CODE_SIGN_IDENTITY[sdk=iphoneos*]" = "iPhone Developer";
				COPY_PHASE_STRIP = NO;
				DEBUG_INFORMATION_FORMAT = "dwarf-with-dsym";
				ENABLE_NS_ASSERTIONS = NO;
				ENABLE_STRICT_OBJC_MSGSEND = YES;
				GCC_C_LANGUAGE_STANDARD = gnu99;
				GCC_NO_COMMON_BLOCKS = YES;
				GCC_WARN_64_TO_32_BIT_CONVERSION = YES;
				GCC_WARN_ABOUT_RETURN_TYPE = YES_ERROR;
				GCC_WARN_UNDECLARED_SELECTOR = YES;
				GCC_WARN_UNINITIALIZED_AUTOS = YES_AGGRESSIVE;
				GCC_WARN_UNUSED_FUNCTION = YES;
				GCC_WARN_UNUSED_VARIABLE = YES;
				IPHONEOS_DEPLOYMENT_TARGET = 9.3;
				MTL_ENABLE_DEBUG_INFO = NO;
				SDKROOT = iphoneos;
				VALIDATE_PRODUCT = YES;
			};
			name = Release;
		};
		E0CB7E971CD2507000F4F260 /* Debug */ = {
			isa = XCBuildConfiguration;
			buildSettings = {
				ASSETCATALOG_COMPILER_APPICON_NAME = AppIcon;
				INFOPLIST_FILE = EoMQ/Info.plist;
				LD_RUNPATH_SEARCH_PATHS = "$(inherited) @executable_path/Frameworks";
				PRODUCT_BUNDLE_IDENTIFIER = com.esenruma.EoMQ;
				PRODUCT_NAME = "$(TARGET_NAME)";
			};
			name = Debug;
		};
		E0CB7E981CD2507000F4F260 /* Release */ = {
			isa = XCBuildConfiguration;
			buildSettings = {
				ASSETCATALOG_COMPILER_APPICON_NAME = AppIcon;
				INFOPLIST_FILE = EoMQ/Info.plist;
				LD_RUNPATH_SEARCH_PATHS = "$(inherited) @executable_path/Frameworks";
				PRODUCT_BUNDLE_IDENTIFIER = com.esenruma.EoMQ;
				PRODUCT_NAME = "$(TARGET_NAME)";
			};
			name = Release;
		};
/* End XCBuildConfiguration section */

/* Begin XCConfigurationList section */
		E0CB7E7C1CD2507000F4F260 /* Build configuration list for PBXProject "EoMQ" */ = {
			isa = XCConfigurationList;
			buildConfigurations = (
				E0CB7E941CD2507000F4F260 /* Debug */,
				E0CB7E951CD2507000F4F260 /* Release */,
			);
			defaultConfigurationIsVisible = 0;
			defaultConfigurationName = Release;
		};
		E0CB7E961CD2507000F4F260 /* Build configuration list for PBXNativeTarget "EoMQ" */ = {
			isa = XCConfigurationList;
			buildConfigurations = (
				E0CB7E971CD2507000F4F260 /* Debug */,
				E0CB7E981CD2507000F4F260 /* Release */,
			);
			defaultConfigurationIsVisible = 0;
			defaultConfigurationName = Release;
		};
/* End XCConfigurationList section */

/* Begin XCVersionGroup section */
		E0CB7E8B1CD2507000F4F260 /* EoMQ.xcdatamodeld */ = {
			isa = XCVersionGroup;
			children = (
				E0CB7E8C1CD2507000F4F260 /* EoMQ.xcdatamodel */,
			);
			currentVersion = E0CB7E8C1CD2507000F4F260 /* EoMQ.xcdatamodel */;
			path = EoMQ.xcdatamodeld;
			sourceTree = "<group>";
			versionGroupType = wrapper.xcdatamodel;
		};
/* End XCVersionGroup section */
	};
	rootObject = E0CB7E791CD2507000F4F260 /* Project object */;
}
